PODS:
  - Flutter (1.0.0)
  - flutter_native_splash (2.4.3):
    - Flutter
  - image_cropper (0.0.5):
    - Flutter
    - TOCropViewController (~> 3.1.1)
  - image_picker_ios (0.0.1):
    - Flutter
  - shared_preferences_foundation (0.0.1):
    - Flutter
    - FlutterMacOS
  - sqflite_darwin (0.0.4):
    - Flutter
    - FlutterMacOS
  - TOCropViewController (3.1.2)

DEPENDENCIES:
  - Flutter (from `Flutter`)
  - flutter_native_splash (from `.symlinks/plugins/flutter_native_splash/ios`)
  - image_cropper (from `.symlinks/plugins/image_cropper/ios`)
  - image_picker_ios (from `.symlinks/plugins/image_picker_ios/ios`)
  - shared_preferences_foundation (from `.symlinks/plugins/shared_preferences_foundation/darwin`)
  - sqflite_darwin (from `.symlinks/plugins/sqflite_darwin/darwin`)

SPEC REPOS:
  trunk:
    - TOCropViewController

EXTERNAL SOURCES:
  Flutter:
    :path: Flutter
  flutter_native_splash:
    :path: ".symlinks/plugins/flutter_native_splash/ios"
  image_cropper:
    :path: ".symlinks/plugins/image_cropper/ios"
  image_picker_ios:
    :path: ".symlinks/plugins/image_picker_ios/ios"
  shared_preferences_foundation:
    :path: ".symlinks/plugins/shared_preferences_foundation/darwin"
  sqflite_darwin:
    :path: ".symlinks/plugins/sqflite_darwin/darwin"

SPEC CHECKSUMS:
  Flutter: cabc95a1d2626b1b06e7179b784ebcf0c0cde467
  flutter_native_splash: c32d145d68aeda5502d5f543ee38c192065986cf
  image_cropper: e405d3e44183f8e8edbec2e49b01ff9c819c7ac8
  image_picker_ios: e0ece4aa2a75771a7de3fa735d26d90817041326
  shared_preferences_foundation: 7036424c3d8ec98dfe75ff1667cb0cd531ec82bb
  sqflite_darwin: 20b2a3a3b70e43edae938624ce550a3cbf66a3d0
  TOCropViewController: a916930c465b5d9445a74d95e0c0da931771b4df

PODFILE CHECKSUM: 5c8eb167e48255b7544ab290f70b4d6a1076ca06

COCOAPODS: 1.16.2
